// !$*UTF8*$!
{
	archiveVersion = 1;
	classes = {
	};
	objectVersion = 56;
	objects = {

/* Begin PBXBuildFile section */
		0443FE1F2C4F18340097B316 /* AppDelegate.swift in Sources */ = {isa = PBXBuildFile; fileRef = 0443FE1E2C4F18340097B316 /* AppDelegate.swift */; };
		0443FE212C4F18340097B316 /* SceneDelegate.swift in Sources */ = {isa = PBXBuildFile; fileRef = 0443FE202C4F18340097B316 /* SceneDelegate.swift */; };
		0443FE232C4F18340097B316 /* ViewController.swift in Sources */ = {isa = PBXBuildFile; fileRef = 0443FE222C4F18340097B316 /* ViewController.swift */; };
		0443FE262C4F18340097B316 /* Base in Resources */ = {isa = PBXBuildFile; fileRef = 0443FE252C4F18340097B316 /* Base */; };
		0443FE282C4F18360097B316 /* Assets.xcassets in Resources */ = {isa = PBXBuildFile; fileRef = 0443FE272C4F18360097B316 /* Assets.xcassets */; };
		0443FE2B2C4F18360097B316 /* Base in Resources */ = {isa = PBXBuildFile; fileRef = 0443FE2A2C4F18360097B316 /* Base */; };
		0443FE362C4F18360097B316 /* OMDBMovieListTests.swift in Sources */ = {isa = PBXBuildFile; fileRef = 0443FE352C4F18360097B316 /* OMDBMovieListTests.swift */; };
		0443FE402C4F18360097B316 /* OMDBMovieListUITests.swift in Sources */ = {isa = PBXBuildFile; fileRef = 0443FE3F2C4F18360097B316 /* OMDBMovieListUITests.swift */; };
		0443FE422C4F18360097B316 /* OMDBMovieListUITestsLaunchTests.swift in Sources */ = {isa = PBXBuildFile; fileRef = 0443FE412C4F18360097B316 /* OMDBMovieListUITestsLaunchTests.swift */; };
		0443FE522C4F1F9D0097B316 /* UIImageView+Extensions.swift in Sources */ = {isa = PBXBuildFile; fileRef = 0443FE512C4F1F9D0097B316 /* UIImageView+Extensions.swift */; };
		0443FE542C4F1FAF0097B316 /* ImageCache.swift in Sources */ = {isa = PBXBuildFile; fileRef = 0443FE532C4F1FAF0097B316 /* ImageCache.swift */; };
		0443FE5C2C4F22150097B316 /* MovieCell.swift in Sources */ = {isa = PBXBuildFile; fileRef = 0443FE5A2C4F22150097B316 /* MovieCell.swift */; };
		0443FE5D2C4F22150097B316 /* MovieCell.xib in Resources */ = {isa = PBXBuildFile; fileRef = 0443FE5B2C4F22150097B316 /* MovieCell.xib */; };
		0443FE5F2C4F225C0097B316 /* MovieSearchViewModel.swift in Sources */ = {isa = PBXBuildFile; fileRef = 0443FE5E2C4F225C0097B316 /* MovieSearchViewModel.swift */; };
		0443FE612C4F22750097B316 /* Movie.swift in Sources */ = {isa = PBXBuildFile; fileRef = 0443FE602C4F22750097B316 /* Movie.swift */; };
		0443FE632C4F22850097B316 /* Constants.swift in Sources */ = {isa = PBXBuildFile; fileRef = 0443FE622C4F22850097B316 /* Constants.swift */; };
		0443FE652C4F22930097B316 /* MovieResponse.swift in Sources */ = {isa = PBXBuildFile; fileRef = 0443FE642C4F22930097B316 /* MovieResponse.swift */; };
		0443FE682C4F2E9A0097B316 /* APIManager.swift in Sources */ = {isa = PBXBuildFile; fileRef = 0443FE672C4F2E9A0097B316 /* APIManager.swift */; };
/* End PBXBuildFile section */

/* Begin PBXContainerItemProxy section */
		0443FE322C4F18360097B316 /* PBXContainerItemProxy */ = {
			isa = PBXContainerItemProxy;
			containerPortal = 0443FE132C4F18340097B316 /* Project object */;
			proxyType = 1;
			remoteGlobalIDString = 0443FE1A2C4F18340097B316;
			remoteInfo = OMDBMovieList;
		};
		0443FE3C2C4F18360097B316 /* PBXContainerItemProxy */ = {
			isa = PBXContainerItemProxy;
			containerPortal = 0443FE132C4F18340097B316 /* Project object */;
			proxyType = 1;
			remoteGlobalIDString = 0443FE1A2C4F18340097B316;
			remoteInfo = OMDBMovieList;
		};
/* End PBXContainerItemProxy section */

/* Begin PBXFileReference section */
		0443FE1B2C4F18340097B316 /* OMDBMovieList.app */ = {isa = PBXFileReference; explicitFileType = wrapper.application; includeInIndex = 0; path = OMDBMovieList.app; sourceTree = BUILT_PRODUCTS_DIR; };
		0443FE1E2C4F18340097B316 /* AppDelegate.swift */ = {isa = PBXFileReference; lastKnownFileType = sourcecode.swift; path = AppDelegate.swift; sourceTree = "<group>"; };
		0443FE202C4F18340097B316 /* SceneDelegate.swift */ = {isa = PBXFileReference; lastKnownFileType = sourcecode.swift; path = SceneDelegate.swift; sourceTree = "<group>"; };
		0443FE222C4F18340097B316 /* ViewController.swift */ = {isa = PBXFileReference; lastKnownFileType = sourcecode.swift; path = ViewController.swift; sourceTree = "<group>"; };
		0443FE252C4F18340097B316 /* Base */ = {isa = PBXFileReference; lastKnownFileType = file.storyboard; name = Base; path = Base.lproj/Main.storyboard; sourceTree = "<group>"; };
		0443FE272C4F18360097B316 /* Assets.xcassets */ = {isa = PBXFileReference; lastKnownFileType = folder.assetcatalog; path = Assets.xcassets; sourceTree = "<group>"; };
		0443FE2A2C4F18360097B316 /* Base */ = {isa = PBXFileReference; lastKnownFileType = file.storyboard; name = Base; path = Base.lproj/LaunchScreen.storyboard; sourceTree = "<group>"; };
		0443FE2C2C4F18360097B316 /* Info.plist */ = {isa = PBXFileReference; lastKnownFileType = text.plist.xml; path = Info.plist; sourceTree = "<group>"; };
		0443FE312C4F18360097B316 /* OMDBMovieListTests.xctest */ = {isa = PBXFileReference; explicitFileType = wrapper.cfbundle; includeInIndex = 0; path = OMDBMovieListTests.xctest; sourceTree = BUILT_PRODUCTS_DIR; };
		0443FE352C4F18360097B316 /* OMDBMovieListTests.swift */ = {isa = PBXFileReference; lastKnownFileType = sourcecode.swift; path = OMDBMovieListTests.swift; sourceTree = "<group>"; };
		0443FE3B2C4F18360097B316 /* OMDBMovieListUITests.xctest */ = {isa = PBXFileReference; explicitFileType = wrapper.cfbundle; includeInIndex = 0; path = OMDBMovieListUITests.xctest; sourceTree = BUILT_PRODUCTS_DIR; };
		0443FE3F2C4F18360097B316 /* OMDBMovieListUITests.swift */ = {isa = PBXFileReference; lastKnownFileType = sourcecode.swift; path = OMDBMovieListUITests.swift; sourceTree = "<group>"; };
		0443FE412C4F18360097B316 /* OMDBMovieListUITestsLaunchTests.swift */ = {isa = PBXFileReference; lastKnownFileType = sourcecode.swift; path = OMDBMovieListUITestsLaunchTests.swift; sourceTree = "<group>"; };
		0443FE512C4F1F9D0097B316 /* UIImageView+Extensions.swift */ = {isa = PBXFileReference; lastKnownFileType = sourcecode.swift; path = "UIImageView+Extensions.swift"; sourceTree = "<group>"; };
		0443FE532C4F1FAF0097B316 /* ImageCache.swift */ = {isa = PBXFileReference; lastKnownFileType = sourcecode.swift; path = ImageCache.swift; sourceTree = "<group>"; };
		0443FE5A2C4F22150097B316 /* MovieCell.swift */ = {isa = PBXFileReference; lastKnownFileType = sourcecode.swift; path = MovieCell.swift; sourceTree = "<group>"; };
		0443FE5B2C4F22150097B316 /* MovieCell.xib */ = {isa = PBXFileReference; lastKnownFileType = file.xib; path = MovieCell.xib; sourceTree = "<group>"; };
		0443FE5E2C4F225C0097B316 /* MovieSearchViewModel.swift */ = {isa = PBXFileReference; lastKnownFileType = sourcecode.swift; path = MovieSearchViewModel.swift; sourceTree = "<group>"; };
		0443FE602C4F22750097B316 /* Movie.swift */ = {isa = PBXFileReference; lastKnownFileType = sourcecode.swift; path = Movie.swift; sourceTree = "<group>"; };
		0443FE622C4F22850097B316 /* Constants.swift */ = {isa = PBXFileReference; lastKnownFileType = sourcecode.swift; path = Constants.swift; sourceTree = "<group>"; };
		0443FE642C4F22930097B316 /* MovieResponse.swift */ = {isa = PBXFileReference; lastKnownFileType = sourcecode.swift; path = MovieResponse.swift; sourceTree = "<group>"; };
		0443FE672C4F2E9A0097B316 /* APIManager.swift */ = {isa = PBXFileReference; lastKnownFileType = sourcecode.swift; path = APIManager.swift; sourceTree = "<group>"; };
/* End PBXFileReference section */

/* Begin PBXFrameworksBuildPhase section */
		0443FE182C4F18340097B316 /* Frameworks */ = {
			isa = PBXFrameworksBuildPhase;
			buildActionMask = 2147483647;
			files = (
			);
			runOnlyForDeploymentPostprocessing = 0;
		};
		0443FE2E2C4F18360097B316 /* Frameworks */ = {
			isa = PBXFrameworksBuildPhase;
			buildActionMask = 2147483647;
			files = (
			);
			runOnlyForDeploymentPostprocessing = 0;
		};
		0443FE382C4F18360097B316 /* Frameworks */ = {
			isa = PBXFrameworksBuildPhase;
			buildActionMask = 2147483647;
			files = (
			);
			runOnlyForDeploymentPostprocessing = 0;
		};
/* End PBXFrameworksBuildPhase section */

/* Begin PBXGroup section */
		0443FE122C4F18340097B316 = {
			isa = PBXGroup;
			children = (
				0443FE1D2C4F18340097B316 /* OMDBMovieList */,
				0443FE342C4F18360097B316 /* OMDBMovieListTests */,
				0443FE3E2C4F18360097B316 /* OMDBMovieListUITests */,
				0443FE1C2C4F18340097B316 /* Products */,
			);
			sourceTree = "<group>";
		};
		0443FE1C2C4F18340097B316 /* Products */ = {
			isa = PBXGroup;
			children = (
				0443FE1B2C4F18340097B316 /* OMDBMovieList.app */,
				0443FE312C4F18360097B316 /* OMDBMovieListTests.xctest */,
				0443FE3B2C4F18360097B316 /* OMDBMovieListUITests.xctest */,
			);
			name = Products;
			sourceTree = "<group>";
		};
		0443FE1D2C4F18340097B316 /* OMDBMovieList */ = {
			isa = PBXGroup;
			children = (
				0443FE592C4F21F50097B316 /* Models */,
				0443FE582C4F21EF0097B316 /* View Models */,
				0443FE552C4F21DA0097B316 /* Views */,
				0443FE4E2C4F18440097B316 /* Utilities */,
				0443FE1E2C4F18340097B316 /* AppDelegate.swift */,
				0443FE202C4F18340097B316 /* SceneDelegate.swift */,
				0443FE242C4F18340097B316 /* Main.storyboard */,
				0443FE272C4F18360097B316 /* Assets.xcassets */,
				0443FE292C4F18360097B316 /* LaunchScreen.storyboard */,
				0443FE2C2C4F18360097B316 /* Info.plist */,
			);
			path = OMDBMovieList;
			sourceTree = "<group>";
		};
		0443FE342C4F18360097B316 /* OMDBMovieListTests */ = {
			isa = PBXGroup;
			children = (
				0443FE352C4F18360097B316 /* OMDBMovieListTests.swift */,
			);
			path = OMDBMovieListTests;
			sourceTree = "<group>";
		};
		0443FE3E2C4F18360097B316 /* OMDBMovieListUITests */ = {
			isa = PBXGroup;
			children = (
				0443FE3F2C4F18360097B316 /* OMDBMovieListUITests.swift */,
				0443FE412C4F18360097B316 /* OMDBMovieListUITestsLaunchTests.swift */,
			);
			path = OMDBMovieListUITests;
			sourceTree = "<group>";
		};
		0443FE4E2C4F18440097B316 /* Utilities */ = {
			isa = PBXGroup;
			children = (
				0443FE662C4F2E8A0097B316 /* APIManager */,
				0443FE502C4F18610097B316 /* Extensions */,
				0443FE4F2C4F185A0097B316 /* Helpers */,
			);
			path = Utilities;
			sourceTree = "<group>";
		};
		0443FE4F2C4F185A0097B316 /* Helpers */ = {
			isa = PBXGroup;
			children = (
				0443FE532C4F1FAF0097B316 /* ImageCache.swift */,
			);
			path = Helpers;
			sourceTree = "<group>";
		};
		0443FE502C4F18610097B316 /* Extensions */ = {
			isa = PBXGroup;
			children = (
				0443FE512C4F1F9D0097B316 /* UIImageView+Extensions.swift */,
			);
			path = Extensions;
			sourceTree = "<group>";
		};
		0443FE552C4F21DA0097B316 /* Views */ = {
			isa = PBXGroup;
			children = (
				0443FE572C4F21E90097B316 /* Cells */,
				0443FE562C4F21DF0097B316 /* View Controllers */,
			);
			path = Views;
			sourceTree = "<group>";
		};
		0443FE562C4F21DF0097B316 /* View Controllers */ = {
			isa = PBXGroup;
			children = (
				0443FE222C4F18340097B316 /* ViewController.swift */,
			);
			path = "View Controllers";
			sourceTree = "<group>";
		};
		0443FE572C4F21E90097B316 /* Cells */ = {
			isa = PBXGroup;
			children = (
				0443FE5A2C4F22150097B316 /* MovieCell.swift */,
				0443FE5B2C4F22150097B316 /* MovieCell.xib */,
			);
			path = Cells;
			sourceTree = "<group>";
		};
		0443FE582C4F21EF0097B316 /* View Models */ = {
			isa = PBXGroup;
			children = (
				0443FE5E2C4F225C0097B316 /* MovieSearchViewModel.swift */,
			);
			path = "View Models";
			sourceTree = "<group>";
		};
		0443FE592C4F21F50097B316 /* Models */ = {
			isa = PBXGroup;
			children = (
				0443FE602C4F22750097B316 /* Movie.swift */,
				0443FE622C4F22850097B316 /* Constants.swift */,
				0443FE642C4F22930097B316 /* MovieResponse.swift */,
			);
			path = Models;
			sourceTree = "<group>";
		};
		0443FE662C4F2E8A0097B316 /* APIManager */ = {
			isa = PBXGroup;
			children = (
				0443FE672C4F2E9A0097B316 /* APIManager.swift */,
			);
			path = APIManager;
			sourceTree = "<group>";
		};
/* End PBXGroup section */

/* Begin PBXNativeTarget section */
		0443FE1A2C4F18340097B316 /* OMDBMovieList */ = {
			isa = PBXNativeTarget;
			buildConfigurationList = 0443FE452C4F18360097B316 /* Build configuration list for PBXNativeTarget "OMDBMovieList" */;
			buildPhases = (
				0443FE172C4F18340097B316 /* Sources */,
				0443FE182C4F18340097B316 /* Frameworks */,
				0443FE192C4F18340097B316 /* Resources */,
			);
			buildRules = (
			);
			dependencies = (
			);
			name = OMDBMovieList;
			productName = OMDBMovieList;
			productReference = 0443FE1B2C4F18340097B316 /* OMDBMovieList.app */;
			productType = "com.apple.product-type.application";
		};
		0443FE302C4F18360097B316 /* OMDBMovieListTests */ = {
			isa = PBXNativeTarget;
			buildConfigurationList = 0443FE482C4F18360097B316 /* Build configuration list for PBXNativeTarget "OMDBMovieListTests" */;
			buildPhases = (
				0443FE2D2C4F18360097B316 /* Sources */,
				0443FE2E2C4F18360097B316 /* Frameworks */,
				0443FE2F2C4F18360097B316 /* Resources */,
			);
			buildRules = (
			);
			dependencies = (
				0443FE332C4F18360097B316 /* PBXTargetDependency */,
			);
			name = OMDBMovieListTests;
			productName = OMDBMovieListTests;
			productReference = 0443FE312C4F18360097B316 /* OMDBMovieListTests.xctest */;
			productType = "com.apple.product-type.bundle.unit-test";
		};
		0443FE3A2C4F18360097B316 /* OMDBMovieListUITests */ = {
			isa = PBXNativeTarget;
			buildConfigurationList = 0443FE4B2C4F18360097B316 /* Build configuration list for PBXNativeTarget "OMDBMovieListUITests" */;
			buildPhases = (
				0443FE372C4F18360097B316 /* Sources */,
				0443FE382C4F18360097B316 /* Frameworks */,
				0443FE392C4F18360097B316 /* Resources */,
			);
			buildRules = (
			);
			dependencies = (
				0443FE3D2C4F18360097B316 /* PBXTargetDependency */,
			);
			name = OMDBMovieListUITests;
			productName = OMDBMovieListUITests;
			productReference = 0443FE3B2C4F18360097B316 /* OMDBMovieListUITests.xctest */;
			productType = "com.apple.product-type.bundle.ui-testing";
		};
/* End PBXNativeTarget section */

/* Begin PBXProject section */
		0443FE132C4F18340097B316 /* Project object */ = {
			isa = PBXProject;
			attributes = {
				BuildIndependentTargetsInParallel = 1;
				LastSwiftUpdateCheck = 1540;
				LastUpgradeCheck = 1540;
				TargetAttributes = {
					0443FE1A2C4F18340097B316 = {
						CreatedOnToolsVersion = 15.4;
					};
					0443FE302C4F18360097B316 = {
						CreatedOnToolsVersion = 15.4;
						TestTargetID = 0443FE1A2C4F18340097B316;
					};
					0443FE3A2C4F18360097B316 = {
						CreatedOnToolsVersion = 15.4;
						TestTargetID = 0443FE1A2C4F18340097B316;
					};
				};
			};
			buildConfigurationList = 0443FE162C4F18340097B316 /* Build configuration list for PBXProject "OMDBMovieList" */;
			compatibilityVersion = "Xcode 14.0";
			developmentRegion = en;
			hasScannedForEncodings = 0;
			knownRegions = (
				en,
				Base,
			);
			mainGroup = 0443FE122C4F18340097B316;
			productRefGroup = 0443FE1C2C4F18340097B316 /* Products */;
			projectDirPath = "";
			projectRoot = "";
			targets = (
				0443FE1A2C4F18340097B316 /* OMDBMovieList */,
				0443FE302C4F18360097B316 /* OMDBMovieListTests */,
				0443FE3A2C4F18360097B316 /* OMDBMovieListUITests */,
			);
		};
/* End PBXProject section */

/* Begin PBXResourcesBuildPhase section */
		0443FE192C4F18340097B316 /* Resources */ = {
			isa = PBXResourcesBuildPhase;
			buildActionMask = 2147483647;
			files = (
				0443FE282C4F18360097B316 /* Assets.xcassets in Resources */,
				0443FE2B2C4F18360097B316 /* Base in Resources */,
				0443FE5D2C4F22150097B316 /* MovieCell.xib in Resources */,
				0443FE262C4F18340097B316 /* Base in Resources */,
			);
			runOnlyForDeploymentPostprocessing = 0;
		};
		0443FE2F2C4F18360097B316 /* Resources */ = {
			isa = PBXResourcesBuildPhase;
			buildActionMask = 2147483647;
			files = (
			);
			runOnlyForDeploymentPostprocessing = 0;
		};
		0443FE392C4F18360097B316 /* Resources */ = {
			isa = PBXResourcesBuildPhase;
			buildActionMask = 2147483647;
			files = (
			);
			runOnlyForDeploymentPostprocessing = 0;
		};
/* End PBXResourcesBuildPhase section */

/* Begin PBXSourcesBuildPhase section */
		0443FE172C4F18340097B316 /* Sources */ = {
			isa = PBXSourcesBuildPhase;
			buildActionMask = 2147483647;
			files = (
				0443FE542C4F1FAF0097B316 /* ImageCache.swift in Sources */,
				0443FE652C4F22930097B316 /* MovieResponse.swift in Sources */,
				0443FE5F2C4F225C0097B316 /* MovieSearchViewModel.swift in Sources */,
				0443FE232C4F18340097B316 /* ViewController.swift in Sources */,
				0443FE682C4F2E9A0097B316 /* APIManager.swift in Sources */,
				0443FE5C2C4F22150097B316 /* MovieCell.swift in Sources */,
				0443FE1F2C4F18340097B316 /* AppDelegate.swift in Sources */,
				0443FE522C4F1F9D0097B316 /* UIImageView+Extensions.swift in Sources */,
				0443FE612C4F22750097B316 /* Movie.swift in Sources */,
				0443FE212C4F18340097B316 /* SceneDelegate.swift in Sources */,
				0443FE632C4F22850097B316 /* Constants.swift in Sources */,
			);
			runOnlyForDeploymentPostprocessing = 0;
		};
		0443FE2D2C4F18360097B316 /* Sources */ = {
			isa = PBXSourcesBuildPhase;
			buildActionMask = 2147483647;
			files = (
				0443FE362C4F18360097B316 /* OMDBMovieListTests.swift in Sources */,
			);
			runOnlyForDeploymentPostprocessing = 0;
		};
		0443FE372C4F18360097B316 /* Sources */ = {
			isa = PBXSourcesBuildPhase;
			buildActionMask = 2147483647;
			files = (
				0443FE402C4F18360097B316 /* OMDBMovieListUITests.swift in Sources */,
				0443FE422C4F18360097B316 /* OMDBMovieListUITestsLaunchTests.swift in Sources */,
			);
			runOnlyForDeploymentPostprocessing = 0;
		};
/* End PBXSourcesBuildPhase section */

/* Begin PBXTargetDependency section */
		0443FE332C4F18360097B316 /* PBXTargetDependency */ = {
			isa = PBXTargetDependency;
			target = 0443FE1A2C4F18340097B316 /* OMDBMovieList */;
			targetProxy = 0443FE322C4F18360097B316 /* PBXContainerItemProxy */;
		};
		0443FE3D2C4F18360097B316 /* PBXTargetDependency */ = {
			isa = PBXTargetDependency;
			target = 0443FE1A2C4F18340097B316 /* OMDBMovieList */;
			targetProxy = 0443FE3C2C4F18360097B316 /* PBXContainerItemProxy */;
		};
/* End PBXTargetDependency section */

/* Begin PBXVariantGroup section */
		0443FE242C4F18340097B316 /* Main.storyboard */ = {
			isa = PBXVariantGroup;
			children = (
				0443FE252C4F18340097B316 /* Base */,
			);
			name = Main.storyboard;
			sourceTree = "<group>";
		};
		0443FE292C4F18360097B316 /* LaunchScreen.storyboard */ = {
			isa = PBXVariantGroup;
			children = (
				0443FE2A2C4F18360097B316 /* Base */,
			);
			name = LaunchScreen.storyboard;
			sourceTree = "<group>";
		};
/* End PBXVariantGroup section */

/* Begin XCBuildConfiguration section */
		0443FE432C4F18360097B316 /* Debug */ = {
			isa = XCBuildConfiguration;
			buildSettings = {
				ALWAYS_SEARCH_USER_PATHS = NO;
				ASSETCATALOG_COMPILER_GENERATE_SWIFT_ASSET_SYMBOL_EXTENSIONS = YES;
				CLANG_ANALYZER_NONNULL = YES;
				CLANG_ANALYZER_NUMBER_OBJECT_CONVERSION = YES_AGGRESSIVE;
				CLANG_CXX_LANGUAGE_STANDARD = "gnu++20";
				CLANG_ENABLE_MODULES = YES;
				CLANG_ENABLE_OBJC_ARC = YES;
				CLANG_ENABLE_OBJC_WEAK = YES;
				CLANG_WARN_BLOCK_CAPTURE_AUTORELEASING = YES;
				CLANG_WARN_BOOL_CONVERSION = YES;
				CLANG_WARN_COMMA = YES;
				CLANG_WARN_CONSTANT_CONVERSION = YES;
				CLANG_WARN_DEPRECATED_OBJC_IMPLEMENTATIONS = YES;
				CLANG_WARN_DIRECT_OBJC_ISA_USAGE = YES_ERROR;
				CLANG_WARN_DOCUMENTATION_COMMENTS = YES;
				CLANG_WARN_EMPTY_BODY = YES;
				CLANG_WARN_ENUM_CONVERSION = YES;
				CLANG_WARN_INFINITE_RECURSION = YES;
				CLANG_WARN_INT_CONVERSION = YES;
				CLANG_WARN_NON_LITERAL_NULL_CONVERSION = YES;
				CLANG_WARN_OBJC_IMPLICIT_RETAIN_SELF = YES;
				CLANG_WARN_OBJC_LITERAL_CONVERSION = YES;
				CLANG_WARN_OBJC_ROOT_CLASS = YES_ERROR;
				CLANG_WARN_QUOTED_INCLUDE_IN_FRAMEWORK_HEADER = YES;
				CLANG_WARN_RANGE_LOOP_ANALYSIS = YES;
				CLANG_WARN_STRICT_PROTOTYPES = YES;
				CLANG_WARN_SUSPICIOUS_MOVE = YES;
				CLANG_WARN_UNGUARDED_AVAILABILITY = YES_AGGRESSIVE;
				CLANG_WARN_UNREACHABLE_CODE = YES;
				CLANG_WARN__DUPLICATE_METHOD_MATCH = YES;
				COPY_PHASE_STRIP = NO;
				DEBUG_INFORMATION_FORMAT = dwarf;
				ENABLE_STRICT_OBJC_MSGSEND = YES;
				ENABLE_TESTABILITY = YES;
				ENABLE_USER_SCRIPT_SANDBOXING = YES;
				GCC_C_LANGUAGE_STANDARD = gnu17;
				GCC_DYNAMIC_NO_PIC = NO;
				GCC_NO_COMMON_BLOCKS = YES;
				GCC_OPTIMIZATION_LEVEL = 0;
				GCC_PREPROCESSOR_DEFINITIONS = (
					"DEBUG=1",
					"$(inherited)",
				);
				GCC_WARN_64_TO_32_BIT_CONVERSION = YES;
				GCC_WARN_ABOUT_RETURN_TYPE = YES_ERROR;
				GCC_WARN_UNDECLARED_SELECTOR = YES;
				GCC_WARN_UNINITIALIZED_AUTOS = YES_AGGRESSIVE;
				GCC_WARN_UNUSED_FUNCTION = YES;
				GCC_WARN_UNUSED_VARIABLE = YES;
				IPHONEOS_DEPLOYMENT_TARGET = 17.5;
				LOCALIZATION_PREFERS_STRING_CATALOGS = YES;
				MTL_ENABLE_DEBUG_INFO = INCLUDE_SOURCE;
				MTL_FAST_MATH = YES;
				ONLY_ACTIVE_ARCH = YES;
				SDKROOT = iphoneos;
				SWIFT_ACTIVE_COMPILATION_CONDITIONS = "DEBUG $(inherited)";
				SWIFT_OPTIMIZATION_LEVEL = "-Onone";
			};
			name = Debug;
		};
		0443FE442C4F18360097B316 /* Release */ = {
			isa = XCBuildConfiguration;
			buildSettings = {
				ALWAYS_SEARCH_USER_PATHS = NO;
				ASSETCATALOG_COMPILER_GENERATE_SWIFT_ASSET_SYMBOL_EXTENSIONS = YES;
				CLANG_ANALYZER_NONNULL = YES;
				CLANG_ANALYZER_NUMBER_OBJECT_CONVERSION = YES_AGGRESSIVE;
				CLANG_CXX_LANGUAGE_STANDARD = "gnu++20";
				CLANG_ENABLE_MODULES = YES;
				CLANG_ENABLE_OBJC_ARC = YES;
				CLANG_ENABLE_OBJC_WEAK = YES;
				CLANG_WARN_BLOCK_CAPTURE_AUTORELEASING = YES;
				CLANG_WARN_BOOL_CONVERSION = YES;
				CLANG_WARN_COMMA = YES;
				CLANG_WARN_CONSTANT_CONVERSION = YES;
				CLANG_WARN_DEPRECATED_OBJC_IMPLEMENTATIONS = YES;
				CLANG_WARN_DIRECT_OBJC_ISA_USAGE = YES_ERROR;
				CLANG_WARN_DOCUMENTATION_COMMENTS = YES;
				CLANG_WARN_EMPTY_BODY = YES;
				CLANG_WARN_ENUM_CONVERSION = YES;
				CLANG_WARN_INFINITE_RECURSION = YES;
				CLANG_WARN_INT_CONVERSION = YES;
				CLANG_WARN_NON_LITERAL_NULL_CONVERSION = YES;
				CLANG_WARN_OBJC_IMPLICIT_RETAIN_SELF = YES;
				CLANG_WARN_OBJC_LITERAL_CONVERSION = YES;
				CLANG_WARN_OBJC_ROOT_CLASS = YES_ERROR;
				CLANG_WARN_QUOTED_INCLUDE_IN_FRAMEWORK_HEADER = YES;
				CLANG_WARN_RANGE_LOOP_ANALYSIS = YES;
				CLANG_WARN_STRICT_PROTOTYPES = YES;
				CLANG_WARN_SUSPICIOUS_MOVE = YES;
				CLANG_WARN_UNGUARDED_AVAILABILITY = YES_AGGRESSIVE;
				CLANG_WARN_UNREACHABLE_CODE = YES;
				CLANG_WARN__DUPLICATE_METHOD_MATCH = YES;
				COPY_PHASE_STRIP = NO;
				DEBUG_INFORMATION_FORMAT = "dwarf-with-dsym";
				ENABLE_NS_ASSERTIONS = NO;
				ENABLE_STRICT_OBJC_MSGSEND = YES;
				ENABLE_USER_SCRIPT_SANDBOXING = YES;
				GCC_C_LANGUAGE_STANDARD = gnu17;
				GCC_NO_COMMON_BLOCKS = YES;
				GCC_WARN_64_TO_32_BIT_CONVERSION = YES;
				GCC_WARN_ABOUT_RETURN_TYPE = YES_ERROR;
				GCC_WARN_UNDECLARED_SELECTOR = YES;
				GCC_WARN_UNINITIALIZED_AUTOS = YES_AGGRESSIVE;
				GCC_WARN_UNUSED_FUNCTION = YES;
				GCC_WARN_UNUSED_VARIABLE = YES;
				IPHONEOS_DEPLOYMENT_TARGET = 17.5;
				LOCALIZATION_PREFERS_STRING_CATALOGS = YES;
				MTL_ENABLE_DEBUG_INFO = NO;
				MTL_FAST_MATH = YES;
				SDKROOT = iphoneos;
				SWIFT_COMPILATION_MODE = wholemodule;
				VALIDATE_PRODUCT = YES;
			};
			name = Release;
		};
		0443FE462C4F18360097B316 /* Debug */ = {
			isa = XCBuildConfiguration;
			buildSettings = {
				ASSETCATALOG_COMPILER_APPICON_NAME = AppIcon;
				ASSETCATALOG_COMPILER_GLOBAL_ACCENT_COLOR_NAME = AccentColor;
				CODE_SIGN_STYLE = Automatic;
				CURRENT_PROJECT_VERSION = 1;
				GENERATE_INFOPLIST_FILE = YES;
				INFOPLIST_FILE = OMDBMovieList/Info.plist;
				INFOPLIST_KEY_UIApplicationSupportsIndirectInputEvents = YES;
				INFOPLIST_KEY_UILaunchStoryboardName = LaunchScreen;
				INFOPLIST_KEY_UIMainStoryboardFile = Main;
				INFOPLIST_KEY_UISupportedInterfaceOrientations_iPad = "UIInterfaceOrientationPortrait UIInterfaceOrientationPortraitUpsideDown UIInterfaceOrientationLandscapeLeft UIInterfaceOrientationLandscapeRight";
				INFOPLIST_KEY_UISupportedInterfaceOrientations_iPhone = "UIInterfaceOrientationPortrait UIInterfaceOrientationLandscapeLeft UIInterfaceOrientationLandscapeRight";
				LD_RUNPATH_SEARCH_PATHS = (
					"$(inherited)",
					"@executable_path/Frameworks",
				);
				MARKETING_VERSION = 1.0;
				PRODUCT_BUNDLE_IDENTIFIER = com.OMDBMovieList;
				PRODUCT_NAME = "$(TARGET_NAME)";
				SWIFT_EMIT_LOC_STRINGS = YES;
				SWIFT_VERSION = 5.0;
				TARGETED_DEVICE_FAMILY = "1,2";
			};
			name = Debug;
		};
		0443FE472C4F18360097B316 /* Release */ = {
			isa = XCBuildConfiguration;
			buildSettings = {
				ASSETCATALOG_COMPILER_APPICON_NAME = AppIcon;
				ASSETCATALOG_COMPILER_GLOBAL_ACCENT_COLOR_NAME = AccentColor;
				CODE_SIGN_STYLE = Automatic;
				CURRENT_PROJECT_VERSION = 1;
				GENERATE_INFOPLIST_FILE = YES;
				INFOPLIST_FILE = OMDBMovieList/Info.plist;
				INFOPLIST_KEY_UIApplicationSupportsIndirectInputEvents = YES;
				INFOPLIST_KEY_UILaunchStoryboardName = LaunchScreen;
				INFOPLIST_KEY_UIMainStoryboardFile = Main;
				INFOPLIST_KEY_UISupportedInterfaceOrientations_iPad = "UIInterfaceOrientationPortrait UIInterfaceOrientationPortraitUpsideDown UIInterfaceOrientationLandscapeLeft UIInterfaceOrientationLandscapeRight";
				INFOPLIST_KEY_UISupportedInterfaceOrientations_iPhone = "UIInterfaceOrientationPortrait UIInterfaceOrientationLandscapeLeft UIInterfaceOrientationLandscapeRight";
				LD_RUNPATH_SEARCH_PATHS = (
					"$(inherited)",
					"@executable_path/Frameworks",
				);
				MARKETING_VERSION = 1.0;
				PRODUCT_BUNDLE_IDENTIFIER = com.OMDBMovieList;
				PRODUCT_NAME = "$(TARGET_NAME)";
				SWIFT_EMIT_LOC_STRINGS = YES;
				SWIFT_VERSION = 5.0;
				TARGETED_DEVICE_FAMILY = "1,2";
			};
			name = Release;
		};
		0443FE492C4F18360097B316 /* Debug */ = {
			isa = XCBuildConfiguration;
			buildSettings = {
				ALWAYS_EMBED_SWIFT_STANDARD_LIBRARIES = YES;
				BUNDLE_LOADER = "$(TEST_HOST)";
				CODE_SIGN_STYLE = Automatic;
				CURRENT_PROJECT_VERSION = 1;
				GENERATE_INFOPLIST_FILE = YES;
				IPHONEOS_DEPLOYMENT_TARGET = 17.5;
				MARKETING_VERSION = 1.0;
				PRODUCT_BUNDLE_IDENTIFIER = com.OMDBMovieListTests;
				PRODUCT_NAME = "$(TARGET_NAME)";
				SWIFT_EMIT_LOC_STRINGS = NO;
				SWIFT_VERSION = 5.0;
				TARGETED_DEVICE_FAMILY = "1,2";
				TEST_HOST = "$(BUILT_PRODUCTS_DIR)/OMDBMovieList.app/$(BUNDLE_EXECUTABLE_FOLDER_PATH)/OMDBMovieList";
			};
			name = Debug;
		};
		0443FE4A2C4F18360097B316 /* Release */ = {
			isa = XCBuildConfiguration;
			buildSettings = {
				ALWAYS_EMBED_SWIFT_STANDARD_LIBRARIES = YES;
				BUNDLE_LOADER = "$(TEST_HOST)";
				CODE_SIGN_STYLE = Automatic;
				CURRENT_PROJECT_VERSION = 1;
				GENERATE_INFOPLIST_FILE = YES;
				IPHONEOS_DEPLOYMENT_TARGET = 17.5;
				MARKETING_VERSION = 1.0;
				PRODUCT_BUNDLE_IDENTIFIER = com.OMDBMovieListTests;
				PRODUCT_NAME = "$(TARGET_NAME)";
				SWIFT_EMIT_LOC_STRINGS = NO;
				SWIFT_VERSION = 5.0;
				TARGETED_DEVICE_FAMILY = "1,2";
				TEST_HOST = "$(BUILT_PRODUCTS_DIR)/OMDBMovieList.app/$(BUNDLE_EXECUTABLE_FOLDER_PATH)/OMDBMovieList";
			};
			name = Release;
		};
		0443FE4C2C4F18360097B316 /* Debug */ = {
			isa = XCBuildConfiguration;
			buildSettings = {
				ALWAYS_EMBED_SWIFT_STANDARD_LIBRARIES = YES;
				CODE_SIGN_STYLE = Automatic;
				CURRENT_PROJECT_VERSION = 1;
				GENERATE_INFOPLIST_FILE = YES;
				MARKETING_VERSION = 1.0;
				PRODUCT_BUNDLE_IDENTIFIER = com.OMDBMovieListUITests;
				PRODUCT_NAME = "$(TARGET_NAME)";
				SWIFT_EMIT_LOC_STRINGS = NO;
				SWIFT_VERSION = 5.0;
				TARGETED_DEVICE_FAMILY = "1,2";
				TEST_TARGET_NAME = OMDBMovieList;
			};
			name = Debug;
		};
		0443FE4D2C4F18360097B316 /* Release */ = {
			isa = XCBuildConfiguration;
			buildSettings = {
				ALWAYS_EMBED_SWIFT_STANDARD_LIBRARIES = YES;
				CODE_SIGN_STYLE = Automatic;
				CURRENT_PROJECT_VERSION = 1;
				GENERATE_INFOPLIST_FILE = YES;
				MARKETING_VERSION = 1.0;
				PRODUCT_BUNDLE_IDENTIFIER = com.OMDBMovieListUITests;
				PRODUCT_NAME = "$(TARGET_NAME)";
				SWIFT_EMIT_LOC_STRINGS = NO;
				SWIFT_VERSION = 5.0;
				TARGETED_DEVICE_FAMILY = "1,2";
				TEST_TARGET_NAME = OMDBMovieList;
			};
			name = Release;
		};
/* End XCBuildConfiguration section */

/* Begin XCConfigurationList section */
		0443FE162C4F18340097B316 /* Build configuration list for PBXProject "OMDBMovieList" */ = {
			isa = XCConfigurationList;
			buildConfigurations = (
				0443FE432C4F18360097B316 /* Debug */,
				0443FE442C4F18360097B316 /* Release */,
			);
			defaultConfigurationIsVisible = 0;
			defaultConfigurationName = Release;
		};
		0443FE452C4F18360097B316 /* Build configuration list for PBXNativeTarget "OMDBMovieList" */ = {
			isa = XCConfigurationList;
			buildConfigurations = (
				0443FE462C4F18360097B316 /* Debug */,
				0443FE472C4F18360097B316 /* Release */,
			);
			defaultConfigurationIsVisible = 0;
			defaultConfigurationName = Release;
		};
		0443FE482C4F18360097B316 /* Build configuration list for PBXNativeTarget "OMDBMovieListTests" */ = {
			isa = XCConfigurationList;
			buildConfigurations = (
				0443FE492C4F18360097B316 /* Debug */,
				0443FE4A2C4F18360097B316 /* Release */,
			);
			defaultConfigurationIsVisible = 0;
			defaultConfigurationName = Release;
		};
		0443FE4B2C4F18360097B316 /* Build configuration list for PBXNativeTarget "OMDBMovieListUITests" */ = {
			isa = XCConfigurationList;
			buildConfigurations = (
				0443FE4C2C4F18360097B316 /* Debug */,
				0443FE4D2C4F18360097B316 /* Release */,
			);
			defaultConfigurationIsVisible = 0;
			defaultConfigurationName = Release;
		};
/* End XCConfigurationList section */
	};
	rootObject = 0443FE132C4F18340097B316 /* Project object */;
}
